{
  "nodes": {
    "nixpkgs": {
      "locked": {
        "lastModified": 1608122323,
        "narHash": "sha256-ivxC1U9pUMziQcyvVHAOGi/IwzJ896C6DKbkKLJysoo=",
        "owner": "nixos",
        "repo": "nixpkgs",
        "rev": "00941cd747e9bc1c3326d1362dbc7e9cfe18cf53",
        "type": "github"
      },
      "original": {
        "owner": "nixos",
        "ref": "nixpkgs-unstable",
        "repo": "nixpkgs",
        "type": "github"
      }
    },
    "root": {
      "inputs": {
        "nixpkgs": "nixpkgs",
        "utils": "utils"
      }
    },
    "utils": {
      "locked": {
        "lastModified": 1605370193,
        "narHash": "sha256-YyMTf3URDL/otKdKgtoMChu4vfVL3vCMkRqpGifhUn0=",
        "owner": "numtide",
        "repo": "flake-utils",
        "rev": "5021eac20303a61fafe17224c087f5519baed54d",
        "type": "github"
      },
      "original": {
        "owner": "numtide",
        "repo": "flake-utils",
        "type": "github"
      }
    }
  },
  "root": "root",
  "version": 7
}
